
Microsoft Visual Studio Solution File, Format Version 9.00
# Visual Studio 2005
Project("{8BC9CEB8-8B4A-11D0-8D11-00A0C91BC942}") = "rev16", "rev16.vcproj", "{A892EC42-B5B1-49A4-91BB-F3E42C953255}"
EndProject
Global
	GlobalSection(SolutionConfigurationPlatforms) = preSolution
		Debug|Win32 = Debug|Win32
		Release|Win32 = Release|Win32
	EndGlobalSection
	GlobalSection(ProjectConfigurationPlatforms) = postSolution
		{A892EC42-B5B1-49A4-91BB-F3E42C953255}.Debug|Win32.ActiveCfg = Release|Win32
		{A892EC42-B5B1-49A4-91BB-F3E42C953255}.Debug|Win32.Build.0 = Release|Win32
		{A892EC42-B5B1-49A4-91BB-F3E42C953255}.Release|Win32.ActiveCfg = Release|Win32
		{A892EC42-B5B1-49A4-91BB-F3E42C953255}.Release|Win32.Build.0 = Release|Win32
	EndGlobalSection
	GlobalSection(SolutionProperties) = preSolution
		HideSolutionNode = FALSE
	EndGlobalSection
EndGlobal
